PODS:
  - IPaStoryboardSegues (2.6)

DEPENDENCIES:
  - IPaStoryboardSegues (from `../`)

EXTERNAL SOURCES:
  IPaStoryboardSegues:
    :path: "../"

SPEC CHECKSUMS:
  IPaStoryboardSegues: aa4242bf9702b534558dd5309f0c2501f151ccc9

PODFILE CHECKSUM: cb2bb11d959ee80a3d3ded22cde46ea45c358d92

COCOAPODS: 1.8.3
