PODS:
  - IPaStoryboardSegues (2.3)

DEPENDENCIES:
  - IPaStoryboardSegues (from `../`)

EXTERNAL SOURCES:
  IPaStoryboardSegues:
    :path: "../"

SPEC CHECKSUMS:
  IPaStoryboardSegues: 841832d9c6be65b436bd8e464d5d7f2c9bee74e8

PODFILE CHECKSUM: cb2bb11d959ee80a3d3ded22cde46ea45c358d92

COCOAPODS: 1.6.0.beta.2
